
Microsoft Visual Studio Solution File, Format Version 12.00
# Visual Studio Version 17
VisualStudioVersion = 17.5.33502.453
MinimumVisualStudioVersion = 10.0.40219.1
Project("{FAE04EC0-301F-11D3-BF4B-00C04F79EFBC}") = "Cook-Lagbe", "Bua-Lagbe\Cook-Lagbe.csproj", "{C8E9F372-E1F2-4F00-98D3-E8A6223BD021}"
EndProject
Global
	GlobalSection(SolutionConfigurationPlatforms) = preSolution
		Debug|Any CPU = Debug|Any CPU
		Release|Any CPU = Release|Any CPU
	EndGlobalSection
	GlobalSection(ProjectConfigurationPlatforms) = postSolution
		{C8E9F372-E1F2-4F00-98D3-E8A6223BD021}.Debug|Any CPU.ActiveCfg = Debug|Any CPU
		{C8E9F372-E1F2-4F00-98D3-E8A6223BD021}.Debug|Any CPU.Build.0 = Debug|Any CPU
		{C8E9F372-E1F2-4F00-98D3-E8A6223BD021}.Release|Any CPU.ActiveCfg = Release|Any CPU
		{C8E9F372-E1F2-4F00-98D3-E8A6223BD021}.Release|Any CPU.Build.0 = Release|Any CPU
	EndGlobalSection
	GlobalSection(SolutionProperties) = preSolution
		HideSolutionNode = FALSE
	EndGlobalSection
	GlobalSection(ExtensibilityGlobals) = postSolution
		SolutionGuid = {F18955F3-477C-4C54-A938-CF819DAB880B}
	EndGlobalSection
EndGlobal
